
Microsoft Visual Studio Solution File, Format Version 12.00
# Visual Studio Version 18
VisualStudioVersion = 18.5.11716.220 stable
MinimumVisualStudioVersion = 10.0.40219.1
Project("{FAE04EC0-301F-11D3-BF4B-00C04F79EFBC}") = "Facturapro", "Facturapro.csproj", "{7066D8D8-DDD4-E9A5-7FE5-079789231524}"
EndProject
Global
	GlobalSection(SolutionConfigurationPlatforms) = preSolution
		Debug|Any CPU = Debug|Any CPU
		Release|Any CPU = Release|Any CPU
	EndGlobalSection
	GlobalSection(ProjectConfigurationPlatforms) = postSolution
		{7066D8D8-DDD4-E9A5-7FE5-079789231524}.Debug|Any CPU.ActiveCfg = Debug|Any CPU
		{7066D8D8-DDD4-E9A5-7FE5-079789231524}.Debug|Any CPU.Build.0 = Debug|Any CPU
		{7066D8D8-DDD4-E9A5-7FE5-079789231524}.Release|Any CPU.ActiveCfg = Release|Any CPU
		{7066D8D8-DDD4-E9A5-7FE5-079789231524}.Release|Any CPU.Build.0 = Release|Any CPU
	EndGlobalSection
	GlobalSection(SolutionProperties) = preSolution
		HideSolutionNode = FALSE
	EndGlobalSection
	GlobalSection(ExtensibilityGlobals) = postSolution
		SolutionGuid = {589E0A22-7D96-40B5-9C1B-045C1609539B}
	EndGlobalSection
EndGlobal
